
Microsoft Visual Studio Solution File, Format Version 12.00
# Visual Studio Version 17
VisualStudioVersion = 17.0.32126.317
MinimumVisualStudioVersion = 10.0.40219.1
Project("{FAE04EC0-301F-11D3-BF4B-00C04F79EFBC}") = "WindowsFormsApp1", "WindowsFormsApp1.csproj", "{758EFB4C-DE6D-40A5-84F5-6DF93C490C4E}"
EndProject
Global
	GlobalSection(SolutionConfigurationPlatforms) = preSolution
		Debug|Any CPU = Debug|Any CPU
		Release|Any CPU = Release|Any CPU
	EndGlobalSection
	GlobalSection(ProjectConfigurationPlatforms) = postSolution
		{758EFB4C-DE6D-40A5-84F5-6DF93C490C4E}.Debug|Any CPU.ActiveCfg = Debug|Any CPU
		{758EFB4C-DE6D-40A5-84F5-6DF93C490C4E}.Debug|Any CPU.Build.0 = Debug|Any CPU
		{758EFB4C-DE6D-40A5-84F5-6DF93C490C4E}.Release|Any CPU.ActiveCfg = Release|Any CPU
		{758EFB4C-DE6D-40A5-84F5-6DF93C490C4E}.Release|Any CPU.Build.0 = Release|Any CPU
	EndGlobalSection
	GlobalSection(SolutionProperties) = preSolution
		HideSolutionNode = FALSE
	EndGlobalSection
	GlobalSection(ExtensibilityGlobals) = postSolution
		SolutionGuid = {FD5DBB2B-0BB1-4465-AA85-D78F1E0C65BD}
	EndGlobalSection
EndGlobal
